
Microsoft Visual Studio Solution File, Format Version 12.00
# Visual Studio 14
VisualStudioVersion = 14.0.25420.1
MinimumVisualStudioVersion = 10.0.40219.1
Project("{FAE04EC0-301F-11D3-BF4B-00C04F79EFBC}") = "Anglian", "Anglian\Anglian\Anglian.csproj", "{B226B2B7-1CFB-4FFE-A60B-5BCFD42BAB21}"
EndProject
Project("{FAE04EC0-301F-11D3-BF4B-00C04F79EFBC}") = "Anglian.Droid", "Anglian\Anglian.Droid\Anglian.Droid.csproj", "{7A6FC12D-DF73-4B24-AC46-FBDDEF6FFFFE}"
EndProject
Project("{FAE04EC0-301F-11D3-BF4B-00C04F79EFBC}") = "Anglian.iOS", "Anglian\Anglian.iOS\Anglian.iOS.csproj", "{11FD03E4-9284-4E7A-A5F6-5CB7E3BE4E8F}"
EndProject
Project("{FAE04EC0-301F-11D3-BF4B-00C04F79EFBC}") = "Anglian.WinPhone", "Anglian\Anglian.WinPhone\Anglian.WinPhone.csproj", "{E75A4FDF-548A-43B3-B97C-0E8A2A20A4AE}"
EndProject
Project("{FAE04EC0-301F-11D3-BF4B-00C04F79EFBC}") = "Anglian.UWP", "Anglian\Anglian.UWP\Anglian.UWP.csproj", "{802A1AE7-7BC5-461E-81DA-102FC8DC68E4}"
EndProject
Project("{FAE04EC0-301F-11D3-BF4B-00C04F79EFBC}") = "Anglian.Windows", "Anglian\Anglian.Windows\Anglian.Windows.csproj", "{E460CB07-7F30-450F-93B1-7DB00E22DD8D}"
EndProject
Global
	GlobalSection(SolutionConfigurationPlatforms) = preSolution
		Ad-Hoc|Any CPU = Ad-Hoc|Any CPU
		Ad-Hoc|ARM = Ad-Hoc|ARM
		Ad-Hoc|iPhone = Ad-Hoc|iPhone
		Ad-Hoc|iPhoneSimulator = Ad-Hoc|iPhoneSimulator
		Ad-Hoc|x64 = Ad-Hoc|x64
		Ad-Hoc|x86 = Ad-Hoc|x86
		AppStore|Any CPU = AppStore|Any CPU
		AppStore|ARM = AppStore|ARM
		AppStore|iPhone = AppStore|iPhone
		AppStore|iPhoneSimulator = AppStore|iPhoneSimulator
		AppStore|x64 = AppStore|x64
		AppStore|x86 = AppStore|x86
		Debug|Any CPU = Debug|Any CPU
		Debug|ARM = Debug|ARM
		Debug|iPhone = Debug|iPhone
		Debug|iPhoneSimulator = Debug|iPhoneSimulator
		Debug|x64 = Debug|x64
		Debug|x86 = Debug|x86
		Release|Any CPU = Release|Any CPU
		Release|ARM = Release|ARM
		Release|iPhone = Release|iPhone
		Release|iPhoneSimulator = Release|iPhoneSimulator
		Release|x64 = Release|x64
		Release|x86 = Release|x86
	EndGlobalSection
	GlobalSection(ProjectConfigurationPlatforms) = postSolution
		{B226B2B7-1CFB-4FFE-A60B-5BCFD42BAB21}.Ad-Hoc|Any CPU.ActiveCfg = Release|Any CPU
		{B226B2B7-1CFB-4FFE-A60B-5BCFD42BAB21}.Ad-Hoc|Any CPU.Build.0 = Release|Any CPU
		{B226B2B7-1CFB-4FFE-A60B-5BCFD42BAB21}.Ad-Hoc|ARM.ActiveCfg = Release|Any CPU
		{B226B2B7-1CFB-4FFE-A60B-5BCFD42BAB21}.Ad-Hoc|ARM.Build.0 = Release|Any CPU
		{B226B2B7-1CFB-4FFE-A60B-5BCFD42BAB21}.Ad-Hoc|iPhone.ActiveCfg = Release|Any CPU
		{B226B2B7-1CFB-4FFE-A60B-5BCFD42BAB21}.Ad-Hoc|iPhone.Build.0 = Release|Any CPU
		{B226B2B7-1CFB-4FFE-A60B-5BCFD42BAB21}.Ad-Hoc|iPhoneSimulator.ActiveCfg = Release|Any CPU
		{B226B2B7-1CFB-4FFE-A60B-5BCFD42BAB21}.Ad-Hoc|iPhoneSimulator.Build.0 = Release|Any CPU
		{B226B2B7-1CFB-4FFE-A60B-5BCFD42BAB21}.Ad-Hoc|x64.ActiveCfg = Release|Any CPU
		{B226B2B7-1CFB-4FFE-A60B-5BCFD42BAB21}.Ad-Hoc|x64.Build.0 = Release|Any CPU
		{B226B2B7-1CFB-4FFE-A60B-5BCFD42BAB21}.Ad-Hoc|x86.ActiveCfg = Release|Any CPU
		{B226B2B7-1CFB-4FFE-A60B-5BCFD42BAB21}.Ad-Hoc|x86.Build.0 = Release|Any CPU
		{B226B2B7-1CFB-4FFE-A60B-5BCFD42BAB21}.AppStore|Any CPU.ActiveCfg = Release|Any CPU
		{B226B2B7-1CFB-4FFE-A60B-5BCFD42BAB21}.AppStore|Any CPU.Build.0 = Release|Any CPU
		{B226B2B7-1CFB-4FFE-A60B-5BCFD42BAB21}.AppStore|ARM.ActiveCfg = Release|Any CPU
		{B226B2B7-1CFB-4FFE-A60B-5BCFD42BAB21}.AppStore|ARM.Build.0 = Release|Any CPU
		{B226B2B7-1CFB-4FFE-A60B-5BCFD42BAB21}.AppStore|iPhone.ActiveCfg = Release|Any CPU
		{B226B2B7-1CFB-4FFE-A60B-5BCFD42BAB21}.AppStore|iPhone.Build.0 = Release|Any CPU
		{B226B2B7-1CFB-4FFE-A60B-5BCFD42BAB21}.AppStore|iPhoneSimulator.ActiveCfg = Release|Any CPU
		{B226B2B7-1CFB-4FFE-A60B-5BCFD42BAB21}.AppStore|iPhoneSimulator.Build.0 = Release|Any CPU
		{B226B2B7-1CFB-4FFE-A60B-5BCFD42BAB21}.AppStore|x64.ActiveCfg = Release|Any CPU
		{B226B2B7-1CFB-4FFE-A60B-5BCFD42BAB21}.AppStore|x64.Build.0 = Release|Any CPU
		{B226B2B7-1CFB-4FFE-A60B-5BCFD42BAB21}.AppStore|x86.ActiveCfg = Release|Any CPU
		{B226B2B7-1CFB-4FFE-A60B-5BCFD42BAB21}.AppStore|x86.Build.0 = Release|Any CPU
		{B226B2B7-1CFB-4FFE-A60B-5BCFD42BAB21}.Debug|Any CPU.ActiveCfg = Debug|Any CPU
		{B226B2B7-1CFB-4FFE-A60B-5BCFD42BAB21}.Debug|Any CPU.Build.0 = Debug|Any CPU
		{B226B2B7-1CFB-4FFE-A60B-5BCFD42BAB21}.Debug|ARM.ActiveCfg = Debug|Any CPU
		{B226B2B7-1CFB-4FFE-A60B-5BCFD42BAB21}.Debug|ARM.Build.0 = Debug|Any CPU
		{B226B2B7-1CFB-4FFE-A60B-5BCFD42BAB21}.Debug|iPhone.ActiveCfg = Debug|Any CPU
		{B226B2B7-1CFB-4FFE-A60B-5BCFD42BAB21}.Debug|iPhone.Build.0 = Debug|Any CPU
		{B226B2B7-1CFB-4FFE-A60B-5BCFD42BAB21}.Debug|iPhoneSimulator.ActiveCfg = Debug|Any CPU
		{B226B2B7-1CFB-4FFE-A60B-5BCFD42BAB21}.Debug|iPhoneSimulator.Build.0 = Debug|Any CPU
		{B226B2B7-1CFB-4FFE-A60B-5BCFD42BAB21}.Debug|x64.ActiveCfg = Debug|Any CPU
		{B226B2B7-1CFB-4FFE-A60B-5BCFD42BAB21}.Debug|x64.Build.0 = Debug|Any CPU
		{B226B2B7-1CFB-4FFE-A60B-5BCFD42BAB21}.Debug|x86.ActiveCfg = Debug|Any CPU
		{B226B2B7-1CFB-4FFE-A60B-5BCFD42BAB21}.Debug|x86.Build.0 = Debug|Any CPU
		{B226B2B7-1CFB-4FFE-A60B-5BCFD42BAB21}.Release|Any CPU.ActiveCfg = Release|Any CPU
		{B226B2B7-1CFB-4FFE-A60B-5BCFD42BAB21}.Release|Any CPU.Build.0 = Release|Any CPU
		{B226B2B7-1CFB-4FFE-A60B-5BCFD42BAB21}.Release|ARM.ActiveCfg = Release|Any CPU
		{B226B2B7-1CFB-4FFE-A60B-5BCFD42BAB21}.Release|ARM.Build.0 = Release|Any CPU
		{B226B2B7-1CFB-4FFE-A60B-5BCFD42BAB21}.Release|iPhone.ActiveCfg = Release|Any CPU
		{B226B2B7-1CFB-4FFE-A60B-5BCFD42BAB21}.Release|iPhone.Build.0 = Release|Any CPU
		{B226B2B7-1CFB-4FFE-A60B-5BCFD42BAB21}.Release|iPhoneSimulator.ActiveCfg = Release|Any CPU
		{B226B2B7-1CFB-4FFE-A60B-5BCFD42BAB21}.Release|iPhoneSimulator.Build.0 = Release|Any CPU
		{B226B2B7-1CFB-4FFE-A60B-5BCFD42BAB21}.Release|x64.ActiveCfg = Release|Any CPU
		{B226B2B7-1CFB-4FFE-A60B-5BCFD42BAB21}.Release|x64.Build.0 = Release|Any CPU
		{B226B2B7-1CFB-4FFE-A60B-5BCFD42BAB21}.Release|x86.ActiveCfg = Release|Any CPU
		{B226B2B7-1CFB-4FFE-A60B-5BCFD42BAB21}.Release|x86.Build.0 = Release|Any CPU
		{7A6FC12D-DF73-4B24-AC46-FBDDEF6FFFFE}.Ad-Hoc|Any CPU.ActiveCfg = Release|Any CPU
		{7A6FC12D-DF73-4B24-AC46-FBDDEF6FFFFE}.Ad-Hoc|Any CPU.Build.0 = Release|Any CPU
		{7A6FC12D-DF73-4B24-AC46-FBDDEF6FFFFE}.Ad-Hoc|Any CPU.Deploy.0 = Release|Any CPU
		{7A6FC12D-DF73-4B24-AC46-FBDDEF6FFFFE}.Ad-Hoc|ARM.ActiveCfg = Release|Any CPU
		{7A6FC12D-DF73-4B24-AC46-FBDDEF6FFFFE}.Ad-Hoc|ARM.Build.0 = Release|Any CPU
		{7A6FC12D-DF73-4B24-AC46-FBDDEF6FFFFE}.Ad-Hoc|ARM.Deploy.0 = Release|Any CPU
		{7A6FC12D-DF73-4B24-AC46-FBDDEF6FFFFE}.Ad-Hoc|iPhone.ActiveCfg = Release|Any CPU
		{7A6FC12D-DF73-4B24-AC46-FBDDEF6FFFFE}.Ad-Hoc|iPhone.Build.0 = Release|Any CPU
		{7A6FC12D-DF73-4B24-AC46-FBDDEF6FFFFE}.Ad-Hoc|iPhone.Deploy.0 = Release|Any CPU
		{7A6FC12D-DF73-4B24-AC46-FBDDEF6FFFFE}.Ad-Hoc|iPhoneSimulator.ActiveCfg = Release|Any CPU
		{7A6FC12D-DF73-4B24-AC46-FBDDEF6FFFFE}.Ad-Hoc|iPhoneSimulator.Build.0 = Release|Any CPU
		{7A6FC12D-DF73-4B24-AC46-FBDDEF6FFFFE}.Ad-Hoc|iPhoneSimulator.Deploy.0 = Release|Any CPU
		{7A6FC12D-DF73-4B24-AC46-FBDDEF6FFFFE}.Ad-Hoc|x64.ActiveCfg = Release|Any CPU
		{7A6FC12D-DF73-4B24-AC46-FBDDEF6FFFFE}.Ad-Hoc|x64.Build.0 = Release|Any CPU
		{7A6FC12D-DF73-4B24-AC46-FBDDEF6FFFFE}.Ad-Hoc|x64.Deploy.0 = Release|Any CPU
		{7A6FC12D-DF73-4B24-AC46-FBDDEF6FFFFE}.Ad-Hoc|x86.ActiveCfg = Release|Any CPU
		{7A6FC12D-DF73-4B24-AC46-FBDDEF6FFFFE}.Ad-Hoc|x86.Build.0 = Release|Any CPU
		{7A6FC12D-DF73-4B24-AC46-FBDDEF6FFFFE}.Ad-Hoc|x86.Deploy.0 = Release|Any CPU
		{7A6FC12D-DF73-4B24-AC46-FBDDEF6FFFFE}.AppStore|Any CPU.ActiveCfg = Release|Any CPU
		{7A6FC12D-DF73-4B24-AC46-FBDDEF6FFFFE}.AppStore|Any CPU.Build.0 = Release|Any CPU
		{7A6FC12D-DF73-4B24-AC46-FBDDEF6FFFFE}.AppStore|Any CPU.Deploy.0 = Release|Any CPU
		{7A6FC12D-DF73-4B24-AC46-FBDDEF6FFFFE}.AppStore|ARM.ActiveCfg = Release|Any CPU
		{7A6FC12D-DF73-4B24-AC46-FBDDEF6FFFFE}.AppStore|ARM.Build.0 = Release|Any CPU
		{7A6FC12D-DF73-4B24-AC46-FBDDEF6FFFFE}.AppStore|ARM.Deploy.0 = Release|Any CPU
		{7A6FC12D-DF73-4B24-AC46-FBDDEF6FFFFE}.AppStore|iPhone.ActiveCfg = Release|Any CPU
		{7A6FC12D-DF73-4B24-AC46-FBDDEF6FFFFE}.AppStore|iPhone.Build.0 = Release|Any CPU
		{7A6FC12D-DF73-4B24-AC46-FBDDEF6FFFFE}.AppStore|iPhone.Deploy.0 = Release|Any CPU
		{7A6FC12D-DF73-4B24-AC46-FBDDEF6FFFFE}.AppStore|iPhoneSimulator.ActiveCfg = Release|Any CPU
		{7A6FC12D-DF73-4B24-AC46-FBDDEF6FFFFE}.AppStore|iPhoneSimulator.Build.0 = Release|Any CPU
		{7A6FC12D-DF73-4B24-AC46-FBDDEF6FFFFE}.AppStore|iPhoneSimulator.Deploy.0 = Release|Any CPU
		{7A6FC12D-DF73-4B24-AC46-FBDDEF6FFFFE}.AppStore|x64.ActiveCfg = Release|Any CPU
		{7A6FC12D-DF73-4B24-AC46-FBDDEF6FFFFE}.AppStore|x64.Build.0 = Release|Any CPU
		{7A6FC12D-DF73-4B24-AC46-FBDDEF6FFFFE}.AppStore|x64.Deploy.0 = Release|Any CPU
		{7A6FC12D-DF73-4B24-AC46-FBDDEF6FFFFE}.AppStore|x86.ActiveCfg = Release|Any CPU
		{7A6FC12D-DF73-4B24-AC46-FBDDEF6FFFFE}.AppStore|x86.Build.0 = Release|Any CPU
		{7A6FC12D-DF73-4B24-AC46-FBDDEF6FFFFE}.AppStore|x86.Deploy.0 = Release|Any CPU
		{7A6FC12D-DF73-4B24-AC46-FBDDEF6FFFFE}.Debug|Any CPU.ActiveCfg = Debug|Any CPU
		{7A6FC12D-DF73-4B24-AC46-FBDDEF6FFFFE}.Debug|Any CPU.Build.0 = Debug|Any CPU
		{7A6FC12D-DF73-4B24-AC46-FBDDEF6FFFFE}.Debug|Any CPU.Deploy.0 = Debug|Any CPU
		{7A6FC12D-DF73-4B24-AC46-FBDDEF6FFFFE}.Debug|ARM.ActiveCfg = Debug|Any CPU
		{7A6FC12D-DF73-4B24-AC46-FBDDEF6FFFFE}.Debug|ARM.Build.0 = Debug|Any CPU
		{7A6FC12D-DF73-4B24-AC46-FBDDEF6FFFFE}.Debug|ARM.Deploy.0 = Debug|Any CPU
		{7A6FC12D-DF73-4B24-AC46-FBDDEF6FFFFE}.Debug|iPhone.ActiveCfg = Debug|Any CPU
		{7A6FC12D-DF73-4B24-AC46-FBDDEF6FFFFE}.Debug|iPhone.Build.0 = Debug|Any CPU
		{7A6FC12D-DF73-4B24-AC46-FBDDEF6FFFFE}.Debug|iPhone.Deploy.0 = Debug|Any CPU
		{7A6FC12D-DF73-4B24-AC46-FBDDEF6FFFFE}.Debug|iPhoneSimulator.ActiveCfg = Debug|Any CPU
		{7A6FC12D-DF73-4B24-AC46-FBDDEF6FFFFE}.Debug|iPhoneSimulator.Build.0 = Debug|Any CPU
		{7A6FC12D-DF73-4B24-AC46-FBDDEF6FFFFE}.Debug|iPhoneSimulator.Deploy.0 = Debug|Any CPU
		{7A6FC12D-DF73-4B24-AC46-FBDDEF6FFFFE}.Debug|x64.ActiveCfg = Debug|Any CPU
		{7A6FC12D-DF73-4B24-AC46-FBDDEF6FFFFE}.Debug|x64.Build.0 = Debug|Any CPU
		{7A6FC12D-DF73-4B24-AC46-FBDDEF6FFFFE}.Debug|x64.Deploy.0 = Debug|Any CPU
		{7A6FC12D-DF73-4B24-AC46-FBDDEF6FFFFE}.Debug|x86.ActiveCfg = Debug|Any CPU
		{7A6FC12D-DF73-4B24-AC46-FBDDEF6FFFFE}.Debug|x86.Build.0 = Debug|Any CPU
		{7A6FC12D-DF73-4B24-AC46-FBDDEF6FFFFE}.Debug|x86.Deploy.0 = Debug|Any CPU
		{7A6FC12D-DF73-4B24-AC46-FBDDEF6FFFFE}.Release|Any CPU.ActiveCfg = Release|Any CPU
		{7A6FC12D-DF73-4B24-AC46-FBDDEF6FFFFE}.Release|Any CPU.Build.0 = Release|Any CPU
		{7A6FC12D-DF73-4B24-AC46-FBDDEF6FFFFE}.Release|Any CPU.Deploy.0 = Release|Any CPU
		{7A6FC12D-DF73-4B24-AC46-FBDDEF6FFFFE}.Release|ARM.ActiveCfg = Release|Any CPU
		{7A6FC12D-DF73-4B24-AC46-FBDDEF6FFFFE}.Release|ARM.Build.0 = Release|Any CPU
		{7A6FC12D-DF73-4B24-AC46-FBDDEF6FFFFE}.Release|ARM.Deploy.0 = Release|Any CPU
		{7A6FC12D-DF73-4B24-AC46-FBDDEF6FFFFE}.Release|iPhone.ActiveCfg = Release|Any CPU
		{7A6FC12D-DF73-4B24-AC46-FBDDEF6FFFFE}.Release|iPhone.Build.0 = Release|Any CPU
		{7A6FC12D-DF73-4B24-AC46-FBDDEF6FFFFE}.Release|iPhone.Deploy.0 = Release|Any CPU
		{7A6FC12D-DF73-4B24-AC46-FBDDEF6FFFFE}.Release|iPhoneSimulator.ActiveCfg = Release|Any CPU
		{7A6FC12D-DF73-4B24-AC46-FBDDEF6FFFFE}.Release|iPhoneSimulator.Build.0 = Release|Any CPU
		{7A6FC12D-DF73-4B24-AC46-FBDDEF6FFFFE}.Release|iPhoneSimulator.Deploy.0 = Release|Any CPU
		{7A6FC12D-DF73-4B24-AC46-FBDDEF6FFFFE}.Release|x64.ActiveCfg = Release|Any CPU
		{7A6FC12D-DF73-4B24-AC46-FBDDEF6FFFFE}.Release|x64.Build.0 = Release|Any CPU
		{7A6FC12D-DF73-4B24-AC46-FBDDEF6FFFFE}.Release|x64.Deploy.0 = Release|Any CPU
		{7A6FC12D-DF73-4B24-AC46-FBDDEF6FFFFE}.Release|x86.ActiveCfg = Release|Any CPU
		{7A6FC12D-DF73-4B24-AC46-FBDDEF6FFFFE}.Release|x86.Build.0 = Release|Any CPU
		{7A6FC12D-DF73-4B24-AC46-FBDDEF6FFFFE}.Release|x86.Deploy.0 = Release|Any CPU
		{11FD03E4-9284-4E7A-A5F6-5CB7E3BE4E8F}.Ad-Hoc|Any CPU.ActiveCfg = Ad-Hoc|iPhone
		{11FD03E4-9284-4E7A-A5F6-5CB7E3BE4E8F}.Ad-Hoc|ARM.ActiveCfg = Ad-Hoc|iPhone
		{11FD03E4-9284-4E7A-A5F6-5CB7E3BE4E8F}.Ad-Hoc|iPhone.ActiveCfg = Ad-Hoc|iPhone
		{11FD03E4-9284-4E7A-A5F6-5CB7E3BE4E8F}.Ad-Hoc|iPhone.Build.0 = Ad-Hoc|iPhone
		{11FD03E4-9284-4E7A-A5F6-5CB7E3BE4E8F}.Ad-Hoc|iPhoneSimulator.ActiveCfg = Ad-Hoc|iPhoneSimulator
		{11FD03E4-9284-4E7A-A5F6-5CB7E3BE4E8F}.Ad-Hoc|iPhoneSimulator.Build.0 = Ad-Hoc|iPhoneSimulator
		{11FD03E4-9284-4E7A-A5F6-5CB7E3BE4E8F}.Ad-Hoc|x64.ActiveCfg = Ad-Hoc|iPhone
		{11FD03E4-9284-4E7A-A5F6-5CB7E3BE4E8F}.Ad-Hoc|x86.ActiveCfg = Ad-Hoc|iPhone
		{11FD03E4-9284-4E7A-A5F6-5CB7E3BE4E8F}.AppStore|Any CPU.ActiveCfg = AppStore|iPhone
		{11FD03E4-9284-4E7A-A5F6-5CB7E3BE4E8F}.AppStore|ARM.ActiveCfg = AppStore|iPhone
		{11FD03E4-9284-4E7A-A5F6-5CB7E3BE4E8F}.AppStore|iPhone.ActiveCfg = AppStore|iPhone
		{11FD03E4-9284-4E7A-A5F6-5CB7E3BE4E8F}.AppStore|iPhone.Build.0 = AppStore|iPhone
		{11FD03E4-9284-4E7A-A5F6-5CB7E3BE4E8F}.AppStore|iPhoneSimulator.ActiveCfg = AppStore|iPhoneSimulator
		{11FD03E4-9284-4E7A-A5F6-5CB7E3BE4E8F}.AppStore|iPhoneSimulator.Build.0 = AppStore|iPhoneSimulator
		{11FD03E4-9284-4E7A-A5F6-5CB7E3BE4E8F}.AppStore|x64.ActiveCfg = AppStore|iPhone
		{11FD03E4-9284-4E7A-A5F6-5CB7E3BE4E8F}.AppStore|x86.ActiveCfg = AppStore|iPhone
		{11FD03E4-9284-4E7A-A5F6-5CB7E3BE4E8F}.Debug|Any CPU.ActiveCfg = Debug|iPhone
		{11FD03E4-9284-4E7A-A5F6-5CB7E3BE4E8F}.Debug|ARM.ActiveCfg = Debug|iPhone
		{11FD03E4-9284-4E7A-A5F6-5CB7E3BE4E8F}.Debug|iPhone.ActiveCfg = Debug|iPhone
		{11FD03E4-9284-4E7A-A5F6-5CB7E3BE4E8F}.Debug|iPhone.Build.0 = Debug|iPhone
		{11FD03E4-9284-4E7A-A5F6-5CB7E3BE4E8F}.Debug|iPhoneSimulator.ActiveCfg = Debug|iPhoneSimulator
		{11FD03E4-9284-4E7A-A5F6-5CB7E3BE4E8F}.Debug|iPhoneSimulator.Build.0 = Debug|iPhoneSimulator
		{11FD03E4-9284-4E7A-A5F6-5CB7E3BE4E8F}.Debug|x64.ActiveCfg = Debug|iPhone
		{11FD03E4-9284-4E7A-A5F6-5CB7E3BE4E8F}.Debug|x86.ActiveCfg = Debug|iPhone
		{11FD03E4-9284-4E7A-A5F6-5CB7E3BE4E8F}.Release|Any CPU.ActiveCfg = Release|iPhone
		{11FD03E4-9284-4E7A-A5F6-5CB7E3BE4E8F}.Release|ARM.ActiveCfg = Release|iPhone
		{11FD03E4-9284-4E7A-A5F6-5CB7E3BE4E8F}.Release|iPhone.ActiveCfg = Release|iPhone
		{11FD03E4-9284-4E7A-A5F6-5CB7E3BE4E8F}.Release|iPhone.Build.0 = Release|iPhone
		{11FD03E4-9284-4E7A-A5F6-5CB7E3BE4E8F}.Release|iPhoneSimulator.ActiveCfg = Release|iPhoneSimulator
		{11FD03E4-9284-4E7A-A5F6-5CB7E3BE4E8F}.Release|iPhoneSimulator.Build.0 = Release|iPhoneSimulator
		{11FD03E4-9284-4E7A-A5F6-5CB7E3BE4E8F}.Release|x64.ActiveCfg = Release|iPhone
		{11FD03E4-9284-4E7A-A5F6-5CB7E3BE4E8F}.Release|x86.ActiveCfg = Release|iPhone
		{E75A4FDF-548A-43B3-B97C-0E8A2A20A4AE}.Ad-Hoc|Any CPU.ActiveCfg = Release|Any CPU
		{E75A4FDF-548A-43B3-B97C-0E8A2A20A4AE}.Ad-Hoc|Any CPU.Build.0 = Release|Any CPU
		{E75A4FDF-548A-43B3-B97C-0E8A2A20A4AE}.Ad-Hoc|Any CPU.Deploy.0 = Release|Any CPU
		{E75A4FDF-548A-43B3-B97C-0E8A2A20A4AE}.Ad-Hoc|ARM.ActiveCfg = Release|ARM
		{E75A4FDF-548A-43B3-B97C-0E8A2A20A4AE}.Ad-Hoc|ARM.Build.0 = Release|ARM
		{E75A4FDF-548A-43B3-B97C-0E8A2A20A4AE}.Ad-Hoc|ARM.Deploy.0 = Release|ARM
		{E75A4FDF-548A-43B3-B97C-0E8A2A20A4AE}.Ad-Hoc|iPhone.ActiveCfg = Release|Any CPU
		{E75A4FDF-548A-43B3-B97C-0E8A2A20A4AE}.Ad-Hoc|iPhone.Build.0 = Release|Any CPU
		{E75A4FDF-548A-43B3-B97C-0E8A2A20A4AE}.Ad-Hoc|iPhone.Deploy.0 = Release|Any CPU
		{E75A4FDF-548A-43B3-B97C-0E8A2A20A4AE}.Ad-Hoc|iPhoneSimulator.ActiveCfg = Release|Any CPU
		{E75A4FDF-548A-43B3-B97C-0E8A2A20A4AE}.Ad-Hoc|iPhoneSimulator.Build.0 = Release|Any CPU
		{E75A4FDF-548A-43B3-B97C-0E8A2A20A4AE}.Ad-Hoc|iPhoneSimulator.Deploy.0 = Release|Any CPU
		{E75A4FDF-548A-43B3-B97C-0E8A2A20A4AE}.Ad-Hoc|x64.ActiveCfg = Release|Any CPU
		{E75A4FDF-548A-43B3-B97C-0E8A2A20A4AE}.Ad-Hoc|x64.Build.0 = Release|Any CPU
		{E75A4FDF-548A-43B3-B97C-0E8A2A20A4AE}.Ad-Hoc|x64.Deploy.0 = Release|Any CPU
		{E75A4FDF-548A-43B3-B97C-0E8A2A20A4AE}.Ad-Hoc|x86.ActiveCfg = Release|x86
		{E75A4FDF-548A-43B3-B97C-0E8A2A20A4AE}.Ad-Hoc|x86.Build.0 = Release|x86
		{E75A4FDF-548A-43B3-B97C-0E8A2A20A4AE}.Ad-Hoc|x86.Deploy.0 = Release|x86
		{E75A4FDF-548A-43B3-B97C-0E8A2A20A4AE}.AppStore|Any CPU.ActiveCfg = Release|Any CPU
		{E75A4FDF-548A-43B3-B97C-0E8A2A20A4AE}.AppStore|Any CPU.Build.0 = Release|Any CPU
		{E75A4FDF-548A-43B3-B97C-0E8A2A20A4AE}.AppStore|Any CPU.Deploy.0 = Release|Any CPU
		{E75A4FDF-548A-43B3-B97C-0E8A2A20A4AE}.AppStore|ARM.ActiveCfg = Release|ARM
		{E75A4FDF-548A-43B3-B97C-0E8A2A20A4AE}.AppStore|ARM.Build.0 = Release|ARM
		{E75A4FDF-548A-43B3-B97C-0E8A2A20A4AE}.AppStore|ARM.Deploy.0 = Release|ARM
		{E75A4FDF-548A-43B3-B97C-0E8A2A20A4AE}.AppStore|iPhone.ActiveCfg = Release|Any CPU
		{E75A4FDF-548A-43B3-B97C-0E8A2A20A4AE}.AppStore|iPhone.Build.0 = Release|Any CPU
		{E75A4FDF-548A-43B3-B97C-0E8A2A20A4AE}.AppStore|iPhone.Deploy.0 = Release|Any CPU
		{E75A4FDF-548A-43B3-B97C-0E8A2A20A4AE}.AppStore|iPhoneSimulator.ActiveCfg = Release|Any CPU
		{E75A4FDF-548A-43B3-B97C-0E8A2A20A4AE}.AppStore|iPhoneSimulator.Build.0 = Release|Any CPU
		{E75A4FDF-548A-43B3-B97C-0E8A2A20A4AE}.AppStore|iPhoneSimulator.Deploy.0 = Release|Any CPU
		{E75A4FDF-548A-43B3-B97C-0E8A2A20A4AE}.AppStore|x64.ActiveCfg = Release|Any CPU
		{E75A4FDF-548A-43B3-B97C-0E8A2A20A4AE}.AppStore|x64.Build.0 = Release|Any CPU
		{E75A4FDF-548A-43B3-B97C-0E8A2A20A4AE}.AppStore|x64.Deploy.0 = Release|Any CPU
		{E75A4FDF-548A-43B3-B97C-0E8A2A20A4AE}.AppStore|x86.ActiveCfg = Release|x86
		{E75A4FDF-548A-43B3-B97C-0E8A2A20A4AE}.AppStore|x86.Build.0 = Release|x86
		{E75A4FDF-548A-43B3-B97C-0E8A2A20A4AE}.AppStore|x86.Deploy.0 = Release|x86
		{E75A4FDF-548A-43B3-B97C-0E8A2A20A4AE}.Debug|Any CPU.ActiveCfg = Debug|Any CPU
		{E75A4FDF-548A-43B3-B97C-0E8A2A20A4AE}.Debug|Any CPU.Build.0 = Debug|Any CPU
		{E75A4FDF-548A-43B3-B97C-0E8A2A20A4AE}.Debug|Any CPU.Deploy.0 = Debug|Any CPU
		{E75A4FDF-548A-43B3-B97C-0E8A2A20A4AE}.Debug|ARM.ActiveCfg = Debug|ARM
		{E75A4FDF-548A-43B3-B97C-0E8A2A20A4AE}.Debug|ARM.Build.0 = Debug|ARM
		{E75A4FDF-548A-43B3-B97C-0E8A2A20A4AE}.Debug|ARM.Deploy.0 = Debug|ARM
		{E75A4FDF-548A-43B3-B97C-0E8A2A20A4AE}.Debug|iPhone.ActiveCfg = Debug|Any CPU
		{E75A4FDF-548A-43B3-B97C-0E8A2A20A4AE}.Debug|iPhone.Build.0 = Debug|Any CPU
		{E75A4FDF-548A-43B3-B97C-0E8A2A20A4AE}.Debug|iPhone.Deploy.0 = Debug|Any CPU
		{E75A4FDF-548A-43B3-B97C-0E8A2A20A4AE}.Debug|iPhoneSimulator.ActiveCfg = Debug|Any CPU
		{E75A4FDF-548A-43B3-B97C-0E8A2A20A4AE}.Debug|iPhoneSimulator.Build.0 = Debug|Any CPU
		{E75A4FDF-548A-43B3-B97C-0E8A2A20A4AE}.Debug|iPhoneSimulator.Deploy.0 = Debug|Any CPU
		{E75A4FDF-548A-43B3-B97C-0E8A2A20A4AE}.Debug|x64.ActiveCfg = Debug|Any CPU
		{E75A4FDF-548A-43B3-B97C-0E8A2A20A4AE}.Debug|x64.Build.0 = Debug|Any CPU
		{E75A4FDF-548A-43B3-B97C-0E8A2A20A4AE}.Debug|x64.Deploy.0 = Debug|Any CPU
		{E75A4FDF-548A-43B3-B97C-0E8A2A20A4AE}.Debug|x86.ActiveCfg = Debug|x86
		{E75A4FDF-548A-43B3-B97C-0E8A2A20A4AE}.Debug|x86.Build.0 = Debug|x86
		{E75A4FDF-548A-43B3-B97C-0E8A2A20A4AE}.Debug|x86.Deploy.0 = Debug|x86
		{E75A4FDF-548A-43B3-B97C-0E8A2A20A4AE}.Release|Any CPU.ActiveCfg = Release|Any CPU
		{E75A4FDF-548A-43B3-B97C-0E8A2A20A4AE}.Release|Any CPU.Build.0 = Release|Any CPU
		{E75A4FDF-548A-43B3-B97C-0E8A2A20A4AE}.Release|Any CPU.Deploy.0 = Release|Any CPU
		{E75A4FDF-548A-43B3-B97C-0E8A2A20A4AE}.Release|ARM.ActiveCfg = Release|ARM
		{E75A4FDF-548A-43B3-B97C-0E8A2A20A4AE}.Release|ARM.Build.0 = Release|ARM
		{E75A4FDF-548A-43B3-B97C-0E8A2A20A4AE}.Release|ARM.Deploy.0 = Release|ARM
		{E75A4FDF-548A-43B3-B97C-0E8A2A20A4AE}.Release|iPhone.ActiveCfg = Release|Any CPU
		{E75A4FDF-548A-43B3-B97C-0E8A2A20A4AE}.Release|iPhone.Build.0 = Release|Any CPU
		{E75A4FDF-548A-43B3-B97C-0E8A2A20A4AE}.Release|iPhone.Deploy.0 = Release|Any CPU
		{E75A4FDF-548A-43B3-B97C-0E8A2A20A4AE}.Release|iPhoneSimulator.ActiveCfg = Release|Any CPU
		{E75A4FDF-548A-43B3-B97C-0E8A2A20A4AE}.Release|iPhoneSimulator.Build.0 = Release|Any CPU
		{E75A4FDF-548A-43B3-B97C-0E8A2A20A4AE}.Release|iPhoneSimulator.Deploy.0 = Release|Any CPU
		{E75A4FDF-548A-43B3-B97C-0E8A2A20A4AE}.Release|x64.ActiveCfg = Release|Any CPU
		{E75A4FDF-548A-43B3-B97C-0E8A2A20A4AE}.Release|x64.Build.0 = Release|Any CPU
		{E75A4FDF-548A-43B3-B97C-0E8A2A20A4AE}.Release|x64.Deploy.0 = Release|Any CPU
		{E75A4FDF-548A-43B3-B97C-0E8A2A20A4AE}.Release|x86.ActiveCfg = Release|x86
		{E75A4FDF-548A-43B3-B97C-0E8A2A20A4AE}.Release|x86.Build.0 = Release|x86
		{E75A4FDF-548A-43B3-B97C-0E8A2A20A4AE}.Release|x86.Deploy.0 = Release|x86
		{802A1AE7-7BC5-461E-81DA-102FC8DC68E4}.Ad-Hoc|Any CPU.ActiveCfg = Release|x86
		{802A1AE7-7BC5-461E-81DA-102FC8DC68E4}.Ad-Hoc|Any CPU.Build.0 = Release|x86
		{802A1AE7-7BC5-461E-81DA-102FC8DC68E4}.Ad-Hoc|Any CPU.Deploy.0 = Release|x86
		{802A1AE7-7BC5-461E-81DA-102FC8DC68E4}.Ad-Hoc|ARM.ActiveCfg = Release|ARM
		{802A1AE7-7BC5-461E-81DA-102FC8DC68E4}.Ad-Hoc|ARM.Build.0 = Release|ARM
		{802A1AE7-7BC5-461E-81DA-102FC8DC68E4}.Ad-Hoc|ARM.Deploy.0 = Release|ARM
		{802A1AE7-7BC5-461E-81DA-102FC8DC68E4}.Ad-Hoc|iPhone.ActiveCfg = Release|x86
		{802A1AE7-7BC5-461E-81DA-102FC8DC68E4}.Ad-Hoc|iPhone.Build.0 = Release|x86
		{802A1AE7-7BC5-461E-81DA-102FC8DC68E4}.Ad-Hoc|iPhone.Deploy.0 = Release|x86
		{802A1AE7-7BC5-461E-81DA-102FC8DC68E4}.Ad-Hoc|iPhoneSimulator.ActiveCfg = Release|x86
		{802A1AE7-7BC5-461E-81DA-102FC8DC68E4}.Ad-Hoc|iPhoneSimulator.Build.0 = Release|x86
		{802A1AE7-7BC5-461E-81DA-102FC8DC68E4}.Ad-Hoc|iPhoneSimulator.Deploy.0 = Release|x86
		{802A1AE7-7BC5-461E-81DA-102FC8DC68E4}.Ad-Hoc|x64.ActiveCfg = Release|x64
		{802A1AE7-7BC5-461E-81DA-102FC8DC68E4}.Ad-Hoc|x64.Build.0 = Release|x64
		{802A1AE7-7BC5-461E-81DA-102FC8DC68E4}.Ad-Hoc|x64.Deploy.0 = Release|x64
		{802A1AE7-7BC5-461E-81DA-102FC8DC68E4}.Ad-Hoc|x86.ActiveCfg = Release|x86
		{802A1AE7-7BC5-461E-81DA-102FC8DC68E4}.Ad-Hoc|x86.Build.0 = Release|x86
		{802A1AE7-7BC5-461E-81DA-102FC8DC68E4}.Ad-Hoc|x86.Deploy.0 = Release|x86
		{802A1AE7-7BC5-461E-81DA-102FC8DC68E4}.AppStore|Any CPU.ActiveCfg = Release|x86
		{802A1AE7-7BC5-461E-81DA-102FC8DC68E4}.AppStore|Any CPU.Build.0 = Release|x86
		{802A1AE7-7BC5-461E-81DA-102FC8DC68E4}.AppStore|Any CPU.Deploy.0 = Release|x86
		{802A1AE7-7BC5-461E-81DA-102FC8DC68E4}.AppStore|ARM.ActiveCfg = Release|ARM
		{802A1AE7-7BC5-461E-81DA-102FC8DC68E4}.AppStore|ARM.Build.0 = Release|ARM
		{802A1AE7-7BC5-461E-81DA-102FC8DC68E4}.AppStore|ARM.Deploy.0 = Release|ARM
		{802A1AE7-7BC5-461E-81DA-102FC8DC68E4}.AppStore|iPhone.ActiveCfg = Release|x86
		{802A1AE7-7BC5-461E-81DA-102FC8DC68E4}.AppStore|iPhone.Build.0 = Release|x86
		{802A1AE7-7BC5-461E-81DA-102FC8DC68E4}.AppStore|iPhone.Deploy.0 = Release|x86
		{802A1AE7-7BC5-461E-81DA-102FC8DC68E4}.AppStore|iPhoneSimulator.ActiveCfg = Release|x86
		{802A1AE7-7BC5-461E-81DA-102FC8DC68E4}.AppStore|iPhoneSimulator.Build.0 = Release|x86
		{802A1AE7-7BC5-461E-81DA-102FC8DC68E4}.AppStore|iPhoneSimulator.Deploy.0 = Release|x86
		{802A1AE7-7BC5-461E-81DA-102FC8DC68E4}.AppStore|x64.ActiveCfg = Release|x64
		{802A1AE7-7BC5-461E-81DA-102FC8DC68E4}.AppStore|x64.Build.0 = Release|x64
		{802A1AE7-7BC5-461E-81DA-102FC8DC68E4}.AppStore|x64.Deploy.0 = Release|x64
		{802A1AE7-7BC5-461E-81DA-102FC8DC68E4}.AppStore|x86.ActiveCfg = Release|x86
		{802A1AE7-7BC5-461E-81DA-102FC8DC68E4}.AppStore|x86.Build.0 = Release|x86
		{802A1AE7-7BC5-461E-81DA-102FC8DC68E4}.AppStore|x86.Deploy.0 = Release|x86
		{802A1AE7-7BC5-461E-81DA-102FC8DC68E4}.Debug|Any CPU.ActiveCfg = Debug|x86
		{802A1AE7-7BC5-461E-81DA-102FC8DC68E4}.Debug|ARM.ActiveCfg = Debug|ARM
		{802A1AE7-7BC5-461E-81DA-102FC8DC68E4}.Debug|ARM.Build.0 = Debug|ARM
		{802A1AE7-7BC5-461E-81DA-102FC8DC68E4}.Debug|ARM.Deploy.0 = Debug|ARM
		{802A1AE7-7BC5-461E-81DA-102FC8DC68E4}.Debug|iPhone.ActiveCfg = Debug|x86
		{802A1AE7-7BC5-461E-81DA-102FC8DC68E4}.Debug|iPhoneSimulator.ActiveCfg = Debug|x86
		{802A1AE7-7BC5-461E-81DA-102FC8DC68E4}.Debug|x64.ActiveCfg = Debug|x64
		{802A1AE7-7BC5-461E-81DA-102FC8DC68E4}.Debug|x64.Build.0 = Debug|x64
		{802A1AE7-7BC5-461E-81DA-102FC8DC68E4}.Debug|x64.Deploy.0 = Debug|x64
		{802A1AE7-7BC5-461E-81DA-102FC8DC68E4}.Debug|x86.ActiveCfg = Debug|x86
		{802A1AE7-7BC5-461E-81DA-102FC8DC68E4}.Debug|x86.Build.0 = Debug|x86
		{802A1AE7-7BC5-461E-81DA-102FC8DC68E4}.Debug|x86.Deploy.0 = Debug|x86
		{802A1AE7-7BC5-461E-81DA-102FC8DC68E4}.Release|Any CPU.ActiveCfg = Release|x86
		{802A1AE7-7BC5-461E-81DA-102FC8DC68E4}.Release|ARM.ActiveCfg = Release|ARM
		{802A1AE7-7BC5-461E-81DA-102FC8DC68E4}.Release|ARM.Build.0 = Release|ARM
		{802A1AE7-7BC5-461E-81DA-102FC8DC68E4}.Release|ARM.Deploy.0 = Release|ARM
		{802A1AE7-7BC5-461E-81DA-102FC8DC68E4}.Release|iPhone.ActiveCfg = Release|x86
		{802A1AE7-7BC5-461E-81DA-102FC8DC68E4}.Release|iPhoneSimulator.ActiveCfg = Release|x86
		{802A1AE7-7BC5-461E-81DA-102FC8DC68E4}.Release|x64.ActiveCfg = Release|x64
		{802A1AE7-7BC5-461E-81DA-102FC8DC68E4}.Release|x64.Build.0 = Release|x64
		{802A1AE7-7BC5-461E-81DA-102FC8DC68E4}.Release|x64.Deploy.0 = Release|x64
		{802A1AE7-7BC5-461E-81DA-102FC8DC68E4}.Release|x86.ActiveCfg = Release|x86
		{802A1AE7-7BC5-461E-81DA-102FC8DC68E4}.Release|x86.Build.0 = Release|x86
		{802A1AE7-7BC5-461E-81DA-102FC8DC68E4}.Release|x86.Deploy.0 = Release|x86
		{E460CB07-7F30-450F-93B1-7DB00E22DD8D}.Ad-Hoc|Any CPU.ActiveCfg = Release|Any CPU
		{E460CB07-7F30-450F-93B1-7DB00E22DD8D}.Ad-Hoc|Any CPU.Build.0 = Release|Any CPU
		{E460CB07-7F30-450F-93B1-7DB00E22DD8D}.Ad-Hoc|Any CPU.Deploy.0 = Release|Any CPU
		{E460CB07-7F30-450F-93B1-7DB00E22DD8D}.Ad-Hoc|ARM.ActiveCfg = Release|ARM
		{E460CB07-7F30-450F-93B1-7DB00E22DD8D}.Ad-Hoc|ARM.Build.0 = Release|ARM
		{E460CB07-7F30-450F-93B1-7DB00E22DD8D}.Ad-Hoc|ARM.Deploy.0 = Release|ARM
		{E460CB07-7F30-450F-93B1-7DB00E22DD8D}.Ad-Hoc|iPhone.ActiveCfg = Release|Any CPU
		{E460CB07-7F30-450F-93B1-7DB00E22DD8D}.Ad-Hoc|iPhone.Build.0 = Release|Any CPU
		{E460CB07-7F30-450F-93B1-7DB00E22DD8D}.Ad-Hoc|iPhone.Deploy.0 = Release|Any CPU
		{E460CB07-7F30-450F-93B1-7DB00E22DD8D}.Ad-Hoc|iPhoneSimulator.ActiveCfg = Release|Any CPU
		{E460CB07-7F30-450F-93B1-7DB00E22DD8D}.Ad-Hoc|iPhoneSimulator.Build.0 = Release|Any CPU
		{E460CB07-7F30-450F-93B1-7DB00E22DD8D}.Ad-Hoc|iPhoneSimulator.Deploy.0 = Release|Any CPU
		{E460CB07-7F30-450F-93B1-7DB00E22DD8D}.Ad-Hoc|x64.ActiveCfg = Release|x64
		{E460CB07-7F30-450F-93B1-7DB00E22DD8D}.Ad-Hoc|x64.Build.0 = Release|x64
		{E460CB07-7F30-450F-93B1-7DB00E22DD8D}.Ad-Hoc|x64.Deploy.0 = Release|x64
		{E460CB07-7F30-450F-93B1-7DB00E22DD8D}.Ad-Hoc|x86.ActiveCfg = Release|x86
		{E460CB07-7F30-450F-93B1-7DB00E22DD8D}.Ad-Hoc|x86.Build.0 = Release|x86
		{E460CB07-7F30-450F-93B1-7DB00E22DD8D}.Ad-Hoc|x86.Deploy.0 = Release|x86
		{E460CB07-7F30-450F-93B1-7DB00E22DD8D}.AppStore|Any CPU.ActiveCfg = Release|Any CPU
		{E460CB07-7F30-450F-93B1-7DB00E22DD8D}.AppStore|Any CPU.Build.0 = Release|Any CPU
		{E460CB07-7F30-450F-93B1-7DB00E22DD8D}.AppStore|Any CPU.Deploy.0 = Release|Any CPU
		{E460CB07-7F30-450F-93B1-7DB00E22DD8D}.AppStore|ARM.ActiveCfg = Release|ARM
		{E460CB07-7F30-450F-93B1-7DB00E22DD8D}.AppStore|ARM.Build.0 = Release|ARM
		{E460CB07-7F30-450F-93B1-7DB00E22DD8D}.AppStore|ARM.Deploy.0 = Release|ARM
		{E460CB07-7F30-450F-93B1-7DB00E22DD8D}.AppStore|iPhone.ActiveCfg = Release|Any CPU
		{E460CB07-7F30-450F-93B1-7DB00E22DD8D}.AppStore|iPhone.Build.0 = Release|Any CPU
		{E460CB07-7F30-450F-93B1-7DB00E22DD8D}.AppStore|iPhone.Deploy.0 = Release|Any CPU
		{E460CB07-7F30-450F-93B1-7DB00E22DD8D}.AppStore|iPhoneSimulator.ActiveCfg = Release|Any CPU
		{E460CB07-7F30-450F-93B1-7DB00E22DD8D}.AppStore|iPhoneSimulator.Build.0 = Release|Any CPU
		{E460CB07-7F30-450F-93B1-7DB00E22DD8D}.AppStore|iPhoneSimulator.Deploy.0 = Release|Any CPU
		{E460CB07-7F30-450F-93B1-7DB00E22DD8D}.AppStore|x64.ActiveCfg = Release|x64
		{E460CB07-7F30-450F-93B1-7DB00E22DD8D}.AppStore|x64.Build.0 = Release|x64
		{E460CB07-7F30-450F-93B1-7DB00E22DD8D}.AppStore|x64.Deploy.0 = Release|x64
		{E460CB07-7F30-450F-93B1-7DB00E22DD8D}.AppStore|x86.ActiveCfg = Release|x86
		{E460CB07-7F30-450F-93B1-7DB00E22DD8D}.AppStore|x86.Build.0 = Release|x86
		{E460CB07-7F30-450F-93B1-7DB00E22DD8D}.AppStore|x86.Deploy.0 = Release|x86
		{E460CB07-7F30-450F-93B1-7DB00E22DD8D}.Debug|Any CPU.ActiveCfg = Debug|Any CPU
		{E460CB07-7F30-450F-93B1-7DB00E22DD8D}.Debug|Any CPU.Build.0 = Debug|Any CPU
		{E460CB07-7F30-450F-93B1-7DB00E22DD8D}.Debug|Any CPU.Deploy.0 = Debug|Any CPU
		{E460CB07-7F30-450F-93B1-7DB00E22DD8D}.Debug|ARM.ActiveCfg = Debug|ARM
		{E460CB07-7F30-450F-93B1-7DB00E22DD8D}.Debug|ARM.Build.0 = Debug|ARM
		{E460CB07-7F30-450F-93B1-7DB00E22DD8D}.Debug|ARM.Deploy.0 = Debug|ARM
		{E460CB07-7F30-450F-93B1-7DB00E22DD8D}.Debug|iPhone.ActiveCfg = Debug|Any CPU
		{E460CB07-7F30-450F-93B1-7DB00E22DD8D}.Debug|iPhone.Build.0 = Debug|Any CPU
		{E460CB07-7F30-450F-93B1-7DB00E22DD8D}.Debug|iPhone.Deploy.0 = Debug|Any CPU
		{E460CB07-7F30-450F-93B1-7DB00E22DD8D}.Debug|iPhoneSimulator.ActiveCfg = Debug|Any CPU
		{E460CB07-7F30-450F-93B1-7DB00E22DD8D}.Debug|iPhoneSimulator.Build.0 = Debug|Any CPU
		{E460CB07-7F30-450F-93B1-7DB00E22DD8D}.Debug|iPhoneSimulator.Deploy.0 = Debug|Any CPU
		{E460CB07-7F30-450F-93B1-7DB00E22DD8D}.Debug|x64.ActiveCfg = Debug|x64
		{E460CB07-7F30-450F-93B1-7DB00E22DD8D}.Debug|x64.Build.0 = Debug|x64
		{E460CB07-7F30-450F-93B1-7DB00E22DD8D}.Debug|x64.Deploy.0 = Debug|x64
		{E460CB07-7F30-450F-93B1-7DB00E22DD8D}.Debug|x86.ActiveCfg = Debug|x86
		{E460CB07-7F30-450F-93B1-7DB00E22DD8D}.Debug|x86.Build.0 = Debug|x86
		{E460CB07-7F30-450F-93B1-7DB00E22DD8D}.Debug|x86.Deploy.0 = Debug|x86
		{E460CB07-7F30-450F-93B1-7DB00E22DD8D}.Release|Any CPU.ActiveCfg = Release|Any CPU
		{E460CB07-7F30-450F-93B1-7DB00E22DD8D}.Release|Any CPU.Build.0 = Release|Any CPU
		{E460CB07-7F30-450F-93B1-7DB00E22DD8D}.Release|Any CPU.Deploy.0 = Release|Any CPU
		{E460CB07-7F30-450F-93B1-7DB00E22DD8D}.Release|ARM.ActiveCfg = Release|ARM
		{E460CB07-7F30-450F-93B1-7DB00E22DD8D}.Release|ARM.Build.0 = Release|ARM
		{E460CB07-7F30-450F-93B1-7DB00E22DD8D}.Release|ARM.Deploy.0 = Release|ARM
		{E460CB07-7F30-450F-93B1-7DB00E22DD8D}.Release|iPhone.ActiveCfg = Release|Any CPU
		{E460CB07-7F30-450F-93B1-7DB00E22DD8D}.Release|iPhone.Build.0 = Release|Any CPU
		{E460CB07-7F30-450F-93B1-7DB00E22DD8D}.Release|iPhone.Deploy.0 = Release|Any CPU
		{E460CB07-7F30-450F-93B1-7DB00E22DD8D}.Release|iPhoneSimulator.ActiveCfg = Release|Any CPU
		{E460CB07-7F30-450F-93B1-7DB00E22DD8D}.Release|iPhoneSimulator.Build.0 = Release|Any CPU
		{E460CB07-7F30-450F-93B1-7DB00E22DD8D}.Release|iPhoneSimulator.Deploy.0 = Release|Any CPU
		{E460CB07-7F30-450F-93B1-7DB00E22DD8D}.Release|x64.ActiveCfg = Release|x64
		{E460CB07-7F30-450F-93B1-7DB00E22DD8D}.Release|x64.Build.0 = Release|x64
		{E460CB07-7F30-450F-93B1-7DB00E22DD8D}.Release|x64.Deploy.0 = Release|x64
		{E460CB07-7F30-450F-93B1-7DB00E22DD8D}.Release|x86.ActiveCfg = Release|x86
		{E460CB07-7F30-450F-93B1-7DB00E22DD8D}.Release|x86.Build.0 = Release|x86
		{E460CB07-7F30-450F-93B1-7DB00E22DD8D}.Release|x86.Deploy.0 = Release|x86
	EndGlobalSection
	GlobalSection(SolutionProperties) = preSolution
		HideSolutionNode = FALSE
	EndGlobalSection
EndGlobal
