
Microsoft Visual Studio Solution File, Format Version 12.00
# Visual Studio 2013
VisualStudioVersion = 12.0.40629.0
MinimumVisualStudioVersion = 10.0.40219.1
Project("{FAE04EC0-301F-11D3-BF4B-00C04F79EFBC}") = "ANG-ABP-SURVEYOR-APP-CLASS", "ANG-ABP-SURVEYOR-CLASS\ANG-ABP-SURVEYOR-APP-CLASS.csproj", "{EF603F83-A6F2-430C-8C9C-B4670F4788F9}"
EndProject
Project("{FAE04EC0-301F-11D3-BF4B-00C04F79EFBC}") = "ANG-ABP-SURVEYOR-APP", "ANG-ABP-SURVEYOR-APP\ANG-ABP-SURVEYOR-APP.csproj", "{91AF2F86-DF1F-4A3A-99E3-455DAE7FF1BA}"
EndProject
Project("{FAE04EC0-301F-11D3-BF4B-00C04F79EFBC}") = "ANG-ABP-INSTALLER-APP", "ANG-ABP-INSTALLER-APP\ANG-ABP-INSTALLER-APP.csproj", "{E6214B2B-FE30-4955-B699-3DDBB8A07394}"
EndProject
Project("{FAE04EC0-301F-11D3-BF4B-00C04F79EFBC}") = "background", "background\background.csproj", "{4E5EFBFD-0353-41F5-976B-E5512213F147}"
EndProject
Global
	GlobalSection(TeamFoundationVersionControl) = preSolution
		SccNumberOfProjects = 5
		SccEnterpriseProvider = {4CA58AB2-18FA-4F8D-95D4-32DDF27D184C}
		SccTeamFoundationServer = http://vstfs:8080/tfs/abp
		SccLocalPath0 = .
		SccProjectUniqueName1 = ANG-ABP-INSTALLER-APP\\ANG-ABP-INSTALLER-APP.csproj
		SccProjectName1 = ANG-ABP-INSTALLER-APP
		SccLocalPath1 = ANG-ABP-INSTALLER-APP
		SccProjectUniqueName2 = ANG-ABP-SURVEYOR-APP\\ANG-ABP-SURVEYOR-APP.csproj
		SccProjectName2 = ANG-ABP-SURVEYOR-APP
		SccLocalPath2 = ANG-ABP-SURVEYOR-APP
		SccProjectUniqueName3 = ANG-ABP-SURVEYOR-CLASS\\ANG-ABP-SURVEYOR-APP-CLASS.csproj
		SccProjectName3 = ANG-ABP-SURVEYOR-CLASS
		SccLocalPath3 = ANG-ABP-SURVEYOR-CLASS
		SccProjectUniqueName4 = background\\background.csproj
		SccProjectName4 = background
		SccLocalPath4 = background
	EndGlobalSection
	GlobalSection(SolutionConfigurationPlatforms) = preSolution
		Debug|Any CPU = Debug|Any CPU
		Debug|ARM = Debug|ARM
		Debug|x64 = Debug|x64
		Debug|x86 = Debug|x86
		Release|Any CPU = Release|Any CPU
		Release|ARM = Release|ARM
		Release|x64 = Release|x64
		Release|x86 = Release|x86
	EndGlobalSection
	GlobalSection(ProjectConfigurationPlatforms) = postSolution
		{EF603F83-A6F2-430C-8C9C-B4670F4788F9}.Debug|Any CPU.ActiveCfg = Debug|Any CPU
		{EF603F83-A6F2-430C-8C9C-B4670F4788F9}.Debug|Any CPU.Build.0 = Debug|Any CPU
		{EF603F83-A6F2-430C-8C9C-B4670F4788F9}.Debug|ARM.ActiveCfg = Debug|ARM
		{EF603F83-A6F2-430C-8C9C-B4670F4788F9}.Debug|ARM.Build.0 = Debug|ARM
		{EF603F83-A6F2-430C-8C9C-B4670F4788F9}.Debug|x64.ActiveCfg = Debug|x64
		{EF603F83-A6F2-430C-8C9C-B4670F4788F9}.Debug|x64.Build.0 = Debug|x64
		{EF603F83-A6F2-430C-8C9C-B4670F4788F9}.Debug|x86.ActiveCfg = Debug|x86
		{EF603F83-A6F2-430C-8C9C-B4670F4788F9}.Debug|x86.Build.0 = Debug|x86
		{EF603F83-A6F2-430C-8C9C-B4670F4788F9}.Release|Any CPU.ActiveCfg = Release|Any CPU
		{EF603F83-A6F2-430C-8C9C-B4670F4788F9}.Release|Any CPU.Build.0 = Release|Any CPU
		{EF603F83-A6F2-430C-8C9C-B4670F4788F9}.Release|ARM.ActiveCfg = Release|ARM
		{EF603F83-A6F2-430C-8C9C-B4670F4788F9}.Release|ARM.Build.0 = Release|ARM
		{EF603F83-A6F2-430C-8C9C-B4670F4788F9}.Release|x64.ActiveCfg = Release|x64
		{EF603F83-A6F2-430C-8C9C-B4670F4788F9}.Release|x64.Build.0 = Release|x64
		{EF603F83-A6F2-430C-8C9C-B4670F4788F9}.Release|x86.ActiveCfg = Release|x86
		{EF603F83-A6F2-430C-8C9C-B4670F4788F9}.Release|x86.Build.0 = Release|x86
		{91AF2F86-DF1F-4A3A-99E3-455DAE7FF1BA}.Debug|Any CPU.ActiveCfg = Debug|Any CPU
		{91AF2F86-DF1F-4A3A-99E3-455DAE7FF1BA}.Debug|Any CPU.Build.0 = Debug|Any CPU
		{91AF2F86-DF1F-4A3A-99E3-455DAE7FF1BA}.Debug|Any CPU.Deploy.0 = Debug|Any CPU
		{91AF2F86-DF1F-4A3A-99E3-455DAE7FF1BA}.Debug|ARM.ActiveCfg = Debug|ARM
		{91AF2F86-DF1F-4A3A-99E3-455DAE7FF1BA}.Debug|ARM.Build.0 = Debug|ARM
		{91AF2F86-DF1F-4A3A-99E3-455DAE7FF1BA}.Debug|ARM.Deploy.0 = Debug|ARM
		{91AF2F86-DF1F-4A3A-99E3-455DAE7FF1BA}.Debug|x64.ActiveCfg = Debug|x64
		{91AF2F86-DF1F-4A3A-99E3-455DAE7FF1BA}.Debug|x64.Build.0 = Debug|x64
		{91AF2F86-DF1F-4A3A-99E3-455DAE7FF1BA}.Debug|x64.Deploy.0 = Debug|x64
		{91AF2F86-DF1F-4A3A-99E3-455DAE7FF1BA}.Debug|x86.ActiveCfg = Debug|x86
		{91AF2F86-DF1F-4A3A-99E3-455DAE7FF1BA}.Debug|x86.Build.0 = Debug|x86
		{91AF2F86-DF1F-4A3A-99E3-455DAE7FF1BA}.Debug|x86.Deploy.0 = Debug|x86
		{91AF2F86-DF1F-4A3A-99E3-455DAE7FF1BA}.Release|Any CPU.ActiveCfg = Release|Any CPU
		{91AF2F86-DF1F-4A3A-99E3-455DAE7FF1BA}.Release|Any CPU.Build.0 = Release|Any CPU
		{91AF2F86-DF1F-4A3A-99E3-455DAE7FF1BA}.Release|Any CPU.Deploy.0 = Release|Any CPU
		{91AF2F86-DF1F-4A3A-99E3-455DAE7FF1BA}.Release|ARM.ActiveCfg = Release|ARM
		{91AF2F86-DF1F-4A3A-99E3-455DAE7FF1BA}.Release|ARM.Build.0 = Release|ARM
		{91AF2F86-DF1F-4A3A-99E3-455DAE7FF1BA}.Release|ARM.Deploy.0 = Release|ARM
		{91AF2F86-DF1F-4A3A-99E3-455DAE7FF1BA}.Release|x64.ActiveCfg = Release|x64
		{91AF2F86-DF1F-4A3A-99E3-455DAE7FF1BA}.Release|x64.Build.0 = Release|x64
		{91AF2F86-DF1F-4A3A-99E3-455DAE7FF1BA}.Release|x64.Deploy.0 = Release|x64
		{91AF2F86-DF1F-4A3A-99E3-455DAE7FF1BA}.Release|x86.ActiveCfg = Release|x86
		{91AF2F86-DF1F-4A3A-99E3-455DAE7FF1BA}.Release|x86.Build.0 = Release|x86
		{91AF2F86-DF1F-4A3A-99E3-455DAE7FF1BA}.Release|x86.Deploy.0 = Release|x86
		{E6214B2B-FE30-4955-B699-3DDBB8A07394}.Debug|Any CPU.ActiveCfg = Debug|Any CPU
		{E6214B2B-FE30-4955-B699-3DDBB8A07394}.Debug|Any CPU.Build.0 = Debug|Any CPU
		{E6214B2B-FE30-4955-B699-3DDBB8A07394}.Debug|Any CPU.Deploy.0 = Debug|Any CPU
		{E6214B2B-FE30-4955-B699-3DDBB8A07394}.Debug|ARM.ActiveCfg = Debug|ARM
		{E6214B2B-FE30-4955-B699-3DDBB8A07394}.Debug|ARM.Build.0 = Debug|ARM
		{E6214B2B-FE30-4955-B699-3DDBB8A07394}.Debug|ARM.Deploy.0 = Debug|ARM
		{E6214B2B-FE30-4955-B699-3DDBB8A07394}.Debug|x64.ActiveCfg = Debug|x64
		{E6214B2B-FE30-4955-B699-3DDBB8A07394}.Debug|x64.Build.0 = Debug|x64
		{E6214B2B-FE30-4955-B699-3DDBB8A07394}.Debug|x64.Deploy.0 = Debug|x64
		{E6214B2B-FE30-4955-B699-3DDBB8A07394}.Debug|x86.ActiveCfg = Debug|x86
		{E6214B2B-FE30-4955-B699-3DDBB8A07394}.Debug|x86.Build.0 = Debug|x86
		{E6214B2B-FE30-4955-B699-3DDBB8A07394}.Debug|x86.Deploy.0 = Debug|x86
		{E6214B2B-FE30-4955-B699-3DDBB8A07394}.Release|Any CPU.ActiveCfg = Release|Any CPU
		{E6214B2B-FE30-4955-B699-3DDBB8A07394}.Release|Any CPU.Build.0 = Release|Any CPU
		{E6214B2B-FE30-4955-B699-3DDBB8A07394}.Release|Any CPU.Deploy.0 = Release|Any CPU
		{E6214B2B-FE30-4955-B699-3DDBB8A07394}.Release|ARM.ActiveCfg = Release|ARM
		{E6214B2B-FE30-4955-B699-3DDBB8A07394}.Release|ARM.Build.0 = Release|ARM
		{E6214B2B-FE30-4955-B699-3DDBB8A07394}.Release|ARM.Deploy.0 = Release|ARM
		{E6214B2B-FE30-4955-B699-3DDBB8A07394}.Release|x64.ActiveCfg = Release|x64
		{E6214B2B-FE30-4955-B699-3DDBB8A07394}.Release|x64.Build.0 = Release|x64
		{E6214B2B-FE30-4955-B699-3DDBB8A07394}.Release|x64.Deploy.0 = Release|x64
		{E6214B2B-FE30-4955-B699-3DDBB8A07394}.Release|x86.ActiveCfg = Release|x86
		{E6214B2B-FE30-4955-B699-3DDBB8A07394}.Release|x86.Build.0 = Release|x86
		{E6214B2B-FE30-4955-B699-3DDBB8A07394}.Release|x86.Deploy.0 = Release|x86
		{4E5EFBFD-0353-41F5-976B-E5512213F147}.Debug|Any CPU.ActiveCfg = Debug|Any CPU
		{4E5EFBFD-0353-41F5-976B-E5512213F147}.Debug|Any CPU.Build.0 = Debug|Any CPU
		{4E5EFBFD-0353-41F5-976B-E5512213F147}.Debug|ARM.ActiveCfg = Debug|ARM
		{4E5EFBFD-0353-41F5-976B-E5512213F147}.Debug|ARM.Build.0 = Debug|ARM
		{4E5EFBFD-0353-41F5-976B-E5512213F147}.Debug|x64.ActiveCfg = Debug|x64
		{4E5EFBFD-0353-41F5-976B-E5512213F147}.Debug|x64.Build.0 = Debug|x64
		{4E5EFBFD-0353-41F5-976B-E5512213F147}.Debug|x86.ActiveCfg = Debug|x86
		{4E5EFBFD-0353-41F5-976B-E5512213F147}.Debug|x86.Build.0 = Debug|x86
		{4E5EFBFD-0353-41F5-976B-E5512213F147}.Release|Any CPU.ActiveCfg = Release|Any CPU
		{4E5EFBFD-0353-41F5-976B-E5512213F147}.Release|Any CPU.Build.0 = Release|Any CPU
		{4E5EFBFD-0353-41F5-976B-E5512213F147}.Release|ARM.ActiveCfg = Release|ARM
		{4E5EFBFD-0353-41F5-976B-E5512213F147}.Release|ARM.Build.0 = Release|ARM
		{4E5EFBFD-0353-41F5-976B-E5512213F147}.Release|x64.ActiveCfg = Release|x64
		{4E5EFBFD-0353-41F5-976B-E5512213F147}.Release|x64.Build.0 = Release|x64
		{4E5EFBFD-0353-41F5-976B-E5512213F147}.Release|x86.ActiveCfg = Release|x86
		{4E5EFBFD-0353-41F5-976B-E5512213F147}.Release|x86.Build.0 = Release|x86
	EndGlobalSection
	GlobalSection(SolutionProperties) = preSolution
		HideSolutionNode = FALSE
	EndGlobalSection
EndGlobal
